<?xml version="1.0" encoding="utf-8"?>
<Project ToolsVersion="4.0" xmlns="http://schemas.microsoft.com/developer/msbuild/2003">
  <ItemGroup>
    <ClCompile Include="main.cpp" />
    <ClCompile Include="InputManager.cpp">
      <Filter>ECS\Systems</Filter>
    </ClCompile>
    <ClCompile Include="MovementManager.cpp">
      <Filter>ECS\Systems</Filter>
    </ClCompile>
    <ClCompile Include="AnimationManager.cpp">
      <Filter>ECS\Systems</Filter>
    </ClCompile>
    <ClCompile Include="InventoryManager.cpp">
      <Filter>ECS\Systems</Filter>
    </ClCompile>
    <ClCompile Include="CollisionManager.cpp">
      <Filter>ECS\Systems</Filter>
    </ClCompile>
    <ClCompile Include="CombatManager.cpp">
      <Filter>ECS\Systems</Filter>
    </ClCompile>
    <ClCompile Include="Entity.cpp">
      <Filter>ECS</Filter>
    </ClCompile>
    <ClCompile Include="RenderWindow.cpp" />
    <ClCompile Include="Vector2d.cpp">
      <Filter>ECS\Math</Filter>
    </ClCompile>
    <ClCompile Include="EntityManager.cpp">
      <Filter>ECS\Systems</Filter>
    </ClCompile>
    <ClCompile Include="LandscapeGenerator.cpp">
      <Filter>ECS\Systems</Filter>
    </ClCompile>
    <ClCompile Include="TileMap.cpp">
      <Filter>ECS\Systems</Filter>
    </ClCompile>
    <ClCompile Include="SpriteManager.cpp">
      <Filter>ECS\Systems</Filter>
    </ClCompile>
    <ClCompile Include="ItemManager.cpp">
      <Filter>ECS\Systems</Filter>
    </ClCompile>
    <ClCompile Include="HUDManager.cpp">
      <Filter>ECS\Systems</Filter>
    </ClCompile>
    <ClCompile Include="Menu.cpp">
      <Filter>ECS\Systems</Filter>
    </ClCompile>
    <ClCompile Include="EntitySpawner.cpp">
      <Filter>ECS\Systems</Filter>
    </ClCompile>
    <ClCompile Include="StateMachine.cpp">
      <Filter>ECS\Systems</Filter>
    </ClCompile>
    <ClCompile Include="SectionManager.cpp">
      <Filter>ECS\Systems</Filter>
    </ClCompile>
  </ItemGroup>
  <ItemGroup>
    <Filter Include="ECS">
      <UniqueIdentifier>{c16bd565-c879-4817-ba25-057f191978ff}</UniqueIdentifier>
    </Filter>
    <Filter Include="ECS\Systems">
      <UniqueIdentifier>{ca771e89-4305-4b70-8b8d-0a9f27f86819}</UniqueIdentifier>
    </Filter>
    <Filter Include="ECS\Components">
      <UniqueIdentifier>{526e135e-b741-4a9d-b415-3648900604ea}</UniqueIdentifier>
    </Filter>
    <Filter Include="ECS\Math">
      <UniqueIdentifier>{00c87035-3297-47b6-a096-9437669d254b}</UniqueIdentifier>
    </Filter>
    <Filter Include="ECS\Components\CharacterComponents">
      <UniqueIdentifier>{10d13ceb-3a26-42a3-9945-7ae42db1d6d4}</UniqueIdentifier>
    </Filter>
    <Filter Include="ECS\Components\WorldComponents">
      <UniqueIdentifier>{c63b6b61-de8b-4ce7-b342-b9acf5aa7d7c}</UniqueIdentifier>
    </Filter>
    <Filter Include="ECS\Components\ItemComponents">
      <UniqueIdentifier>{558b6de6-c36b-4391-bcbd-fd54e3e759c9}</UniqueIdentifier>
    </Filter>
    <Filter Include="Shaders">
      <UniqueIdentifier>{68050417-6316-4586-a0f6-46f15c95570e}</UniqueIdentifier>
    </Filter>
  </ItemGroup>
  <ItemGroup>
    <ClInclude Include="GeneralDataComponent.h">
      <Filter>ECS\Components</Filter>
    </ClInclude>
    <ClInclude Include="InputManager.h">
      <Filter>ECS\Systems</Filter>
    </ClInclude>
    <ClInclude Include="MovementManager.h">
      <Filter>ECS\Systems</Filter>
    </ClInclude>
    <ClInclude Include="AnimationManager.h">
      <Filter>ECS\Systems</Filter>
    </ClInclude>
    <ClInclude Include="InventoryManager.h">
      <Filter>ECS\Systems</Filter>
    </ClInclude>
    <ClInclude Include="CollisionManager.h">
      <Filter>ECS\Systems</Filter>
    </ClInclude>
    <ClInclude Include="CombatManager.h">
      <Filter>ECS\Systems</Filter>
    </ClInclude>
    <ClInclude Include="Entity.h">
      <Filter>ECS</Filter>
    </ClInclude>
    <ClInclude Include="RenderWindow.h" />
    <ClInclude Include="CircleShapeComponent.h">
      <Filter>ECS\Components</Filter>
    </ClInclude>
    <ClInclude Include="RectangleShapeComponent.h">
      <Filter>ECS\Components</Filter>
    </ClInclude>
    <ClInclude Include="Vector2d.h">
      <Filter>ECS\Math</Filter>
    </ClInclude>
    <ClInclude Include="EntityManager.h">
      <Filter>ECS\Systems</Filter>
    </ClInclude>
    <ClInclude Include="LandscapeGenerator.h">
      <Filter>ECS\Systems</Filter>
    </ClInclude>
    <ClInclude Include="SpriteComponent.h">
      <Filter>ECS\Components</Filter>
    </ClInclude>
    <ClInclude Include="ShapeBase.h">
      <Filter>ECS\Components</Filter>
    </ClInclude>
    <ClInclude Include="TileMap.h">
      <Filter>ECS\Systems</Filter>
    </ClInclude>
    <ClInclude Include="SpriteManager.h">
      <Filter>ECS\Systems</Filter>
    </ClInclude>
    <ClInclude Include="AnimationComponent.h">
      <Filter>ECS\Components\CharacterComponents</Filter>
    </ClInclude>
    <ClInclude Include="CollisionComponent.h">
      <Filter>ECS\Components\CharacterComponents</Filter>
    </ClInclude>
    <ClInclude Include="CombatComponent.h">
      <Filter>ECS\Components\CharacterComponents</Filter>
    </ClInclude>
    <ClInclude Include="EntityComponentsHeader.h">
      <Filter>ECS\Components\CharacterComponents</Filter>
    </ClInclude>
    <ClInclude Include="InputComponent.h">
      <Filter>ECS\Components\CharacterComponents</Filter>
    </ClInclude>
    <ClInclude Include="InventoryComponent.h">
      <Filter>ECS\Components\CharacterComponents</Filter>
    </ClInclude>
    <ClInclude Include="MovementComponent.h">
      <Filter>ECS\Components\CharacterComponents</Filter>
    </ClInclude>
    <ClInclude Include="WorldComponent.h">
      <Filter>ECS\Components\WorldComponents</Filter>
    </ClInclude>
    <ClInclude Include="TileMapComponent.h">
      <Filter>ECS\Components\WorldComponents</Filter>
    </ClInclude>
    <ClInclude Include="ItemComponent.h">
      <Filter>ECS\Components\ItemComponents</Filter>
    </ClInclude>
    <ClInclude Include="ToolComponent.h">
      <Filter>ECS\Components\ItemComponents</Filter>
    </ClInclude>
    <ClInclude Include="Items.h">
      <Filter>ECS\Components\ItemComponents</Filter>
    </ClInclude>
    <ClInclude Include="ItemManager.h">
      <Filter>ECS\Systems</Filter>
    </ClInclude>
    <ClInclude Include="HUDComponent.h">
      <Filter>ECS\Components\CharacterComponents</Filter>
    </ClInclude>
    <ClInclude Include="HUDManager.h">
      <Filter>ECS\Systems</Filter>
    </ClInclude>
    <ClInclude Include="Menu.h">
      <Filter>ECS\Systems</Filter>
    </ClInclude>
    <ClInclude Include="MenuComponent.h">
      <Filter>ECS\Components\CharacterComponents</Filter>
    </ClInclude>
    <ClInclude Include="EntitySpawner.h">
      <Filter>ECS\Systems</Filter>
    </ClInclude>
    <ClInclude Include="StateMachine.h">
      <Filter>ECS\Systems</Filter>
    </ClInclude>
    <ClInclude Include="NPCStateComponent.h">
      <Filter>ECS\Components\CharacterComponents</Filter>
    </ClInclude>
    <ClInclude Include="SectionManager.h">
      <Filter>ECS\Systems</Filter>
    </ClInclude>
    <ClInclude Include="SpawnerComponent.h">
      <Filter>ECS\Components</Filter>
    </ClInclude>
  </ItemGroup>
  <ItemGroup>
    <ResourceCompile Include="TheGatherer.rc" />
  </ItemGroup>
  <ItemGroup>
    <None Include="LightShader.vert">
      <Filter>Shaders</Filter>
    </None>
    <None Include="LightShader.frag">
      <Filter>Shaders</Filter>
    </None>
  </ItemGroup>
</Project>